
Microsoft Visual Studio Solution File, Format Version 12.00
# Visual Studio Version 17
VisualStudioVersion = 17.14.36930.0
MinimumVisualStudioVersion = 10.0.40219.1
Project("{FAE04EC0-301F-11D3-BF4B-00C04F79EFBC}") = "Kaz.Operations", "Kaz.Operations\Kaz.Operations.csproj", "{FA433A7F-0B07-413A-8A43-299698AD8F78}"
EndProject
Project("{FAE04EC0-301F-11D3-BF4B-00C04F79EFBC}") = "Kaz.Operations.Core", "..\Kaz.Operations.Core\Kaz.Operations.Core\Kaz.Operations.Core.csproj", "{53D105A7-26B9-4094-B36B-9EDEBACFFFAC}"
EndProject
Global
	GlobalSection(SolutionConfigurationPlatforms) = preSolution
		Debug|Any CPU = Debug|Any CPU
		Release|Any CPU = Release|Any CPU
	EndGlobalSection
	GlobalSection(ProjectConfigurationPlatforms) = postSolution
		{FA433A7F-0B07-413A-8A43-299698AD8F78}.Debug|Any CPU.ActiveCfg = Debug|Any CPU
		{FA433A7F-0B07-413A-8A43-299698AD8F78}.Debug|Any CPU.Build.0 = Debug|Any CPU
		{FA433A7F-0B07-413A-8A43-299698AD8F78}.Release|Any CPU.ActiveCfg = Release|Any CPU
		{FA433A7F-0B07-413A-8A43-299698AD8F78}.Release|Any CPU.Build.0 = Release|Any CPU
		{53D105A7-26B9-4094-B36B-9EDEBACFFFAC}.Debug|Any CPU.ActiveCfg = Debug|Any CPU
		{53D105A7-26B9-4094-B36B-9EDEBACFFFAC}.Debug|Any CPU.Build.0 = Debug|Any CPU
		{53D105A7-26B9-4094-B36B-9EDEBACFFFAC}.Release|Any CPU.ActiveCfg = Release|Any CPU
		{53D105A7-26B9-4094-B36B-9EDEBACFFFAC}.Release|Any CPU.Build.0 = Release|Any CPU
	EndGlobalSection
	GlobalSection(SolutionProperties) = preSolution
		HideSolutionNode = FALSE
	EndGlobalSection
	GlobalSection(ExtensibilityGlobals) = postSolution
		SolutionGuid = {97B15914-EEEA-4CF7-89BB-A097B4C1F02B}
	EndGlobalSection
EndGlobal
